
Microsoft Visual Studio Solution File, Format Version 12.00
# Visual Studio 15
VisualStudioVersion = 15.0.27428.2043
MinimumVisualStudioVersion = 10.0.40219.1
Project("{FAE04EC0-301F-11D3-BF4B-00C04F79EFBC}") = "PermutationDictionary", "PermutationDictionary\PermutationDictionary.csproj", "{CD3D30FC-3F8E-4955-AD82-EBB6AAD86619}"
EndProject
Global
	GlobalSection(SolutionConfigurationPlatforms) = preSolution
		Debug|Any CPU = Debug|Any CPU
		Release|Any CPU = Release|Any CPU
	EndGlobalSection
	GlobalSection(ProjectConfigurationPlatforms) = postSolution
		{CD3D30FC-3F8E-4955-AD82-EBB6AAD86619}.Debug|Any CPU.ActiveCfg = Debug|Any CPU
		{CD3D30FC-3F8E-4955-AD82-EBB6AAD86619}.Debug|Any CPU.Build.0 = Debug|Any CPU
		{CD3D30FC-3F8E-4955-AD82-EBB6AAD86619}.Release|Any CPU.ActiveCfg = Release|Any CPU
		{CD3D30FC-3F8E-4955-AD82-EBB6AAD86619}.Release|Any CPU.Build.0 = Release|Any CPU
	EndGlobalSection
	GlobalSection(SolutionProperties) = preSolution
		HideSolutionNode = FALSE
	EndGlobalSection
	GlobalSection(ExtensibilityGlobals) = postSolution
		SolutionGuid = {84B949AE-FE4A-488E-A578-4349F13FE6B4}
	EndGlobalSection
EndGlobal
